
Microsoft Visual Studio Solution File, Format Version 12.00
# Visual Studio Version 17
VisualStudioVersion = 17.3.32901.215
MinimumVisualStudioVersion = 10.0.40219.1
Project("{FAE04EC0-301F-11D3-BF4B-00C04F79EFBC}") = "MvcMovie", "MvcMovie\MvcMovie.csproj", "{ED27C803-8CA7-4782-B6E3-7712CC02BC97}"
EndProject
Global
	GlobalSection(SolutionConfigurationPlatforms) = preSolution
		Debug|Any CPU = Debug|Any CPU
		Release|Any CPU = Release|Any CPU
	EndGlobalSection
	GlobalSection(ProjectConfigurationPlatforms) = postSolution
		{ED27C803-8CA7-4782-B6E3-7712CC02BC97}.Debug|Any CPU.ActiveCfg = Debug|Any CPU
		{ED27C803-8CA7-4782-B6E3-7712CC02BC97}.Debug|Any CPU.Build.0 = Debug|Any CPU
		{ED27C803-8CA7-4782-B6E3-7712CC02BC97}.Release|Any CPU.ActiveCfg = Release|Any CPU
		{ED27C803-8CA7-4782-B6E3-7712CC02BC97}.Release|Any CPU.Build.0 = Release|Any CPU
	EndGlobalSection
	GlobalSection(SolutionProperties) = preSolution
		HideSolutionNode = FALSE
	EndGlobalSection
	GlobalSection(ExtensibilityGlobals) = postSolution
		SolutionGuid = {8206E1C7-30A5-492C-AEF8-FF08D3A19D2E}
	EndGlobalSection
EndGlobal
